
Microsoft Visual Studio Solution File, Format Version 12.00
# Visual Studio 15
VisualStudioVersion = 15.0.27130.2027
MinimumVisualStudioVersion = 10.0.40219.1
Project("{FAE04EC0-301F-11D3-BF4B-00C04F79EFBC}") = "Challenge", "Challenge\Challenge.csproj", "{88B85AB7-4A0E-4F7E-81B1-32D29A7D78EA}"
EndProject
Global
	GlobalSection(SolutionConfigurationPlatforms) = preSolution
		Debug|Any CPU = Debug|Any CPU
		Release|Any CPU = Release|Any CPU
	EndGlobalSection
	GlobalSection(ProjectConfigurationPlatforms) = postSolution
		{88B85AB7-4A0E-4F7E-81B1-32D29A7D78EA}.Debug|Any CPU.ActiveCfg = Debug|Any CPU
		{88B85AB7-4A0E-4F7E-81B1-32D29A7D78EA}.Debug|Any CPU.Build.0 = Debug|Any CPU
		{88B85AB7-4A0E-4F7E-81B1-32D29A7D78EA}.Release|Any CPU.ActiveCfg = Release|Any CPU
		{88B85AB7-4A0E-4F7E-81B1-32D29A7D78EA}.Release|Any CPU.Build.0 = Release|Any CPU
	EndGlobalSection
	GlobalSection(SolutionProperties) = preSolution
		HideSolutionNode = FALSE
	EndGlobalSection
	GlobalSection(ExtensibilityGlobals) = postSolution
		SolutionGuid = {89A365EB-6AC5-4DA3-A5BC-D28C60A735D8}
	EndGlobalSection
EndGlobal
